
Microsoft Visual Studio Solution File, Format Version 12.00
# Visual Studio Version 17
VisualStudioVersion = 17.4.33213.308
MinimumVisualStudioVersion = 10.0.40219.1
Project("{FAE04EC0-301F-11D3-BF4B-00C04F79EFBC}") = "CarAPI", "CarAPI\CarAPI.csproj", "{BBE95BCF-D83A-41E7-92F9-6F35B4B514B1}"
EndProject
Global
	GlobalSection(SolutionConfigurationPlatforms) = preSolution
		Debug|Any CPU = Debug|Any CPU
		Release|Any CPU = Release|Any CPU
	EndGlobalSection
	GlobalSection(ProjectConfigurationPlatforms) = postSolution
		{BBE95BCF-D83A-41E7-92F9-6F35B4B514B1}.Debug|Any CPU.ActiveCfg = Debug|Any CPU
		{BBE95BCF-D83A-41E7-92F9-6F35B4B514B1}.Debug|Any CPU.Build.0 = Debug|Any CPU
		{BBE95BCF-D83A-41E7-92F9-6F35B4B514B1}.Release|Any CPU.ActiveCfg = Release|Any CPU
		{BBE95BCF-D83A-41E7-92F9-6F35B4B514B1}.Release|Any CPU.Build.0 = Release|Any CPU
	EndGlobalSection
	GlobalSection(SolutionProperties) = preSolution
		HideSolutionNode = FALSE
	EndGlobalSection
	GlobalSection(ExtensibilityGlobals) = postSolution
		SolutionGuid = {31DDA6DE-7139-41B9-AF53-5DE48CC57DEB}
	EndGlobalSection
EndGlobal
